
Microsoft Visual Studio Solution File, Format Version 12.00
# Visual Studio Version 17
VisualStudioVersion = 17.5.33414.496
MinimumVisualStudioVersion = 10.0.40219.1
Project("{FAE04EC0-301F-11D3-BF4B-00C04F79EFBC}") = "laba10.3", "laba10.3\laba10.3.csproj", "{C023C37C-4A39-4472-AAAF-3EC5ED5C051C}"
EndProject
Global
	GlobalSection(SolutionConfigurationPlatforms) = preSolution
		Debug|Any CPU = Debug|Any CPU
		Release|Any CPU = Release|Any CPU
	EndGlobalSection
	GlobalSection(ProjectConfigurationPlatforms) = postSolution
		{C023C37C-4A39-4472-AAAF-3EC5ED5C051C}.Debug|Any CPU.ActiveCfg = Debug|Any CPU
		{C023C37C-4A39-4472-AAAF-3EC5ED5C051C}.Debug|Any CPU.Build.0 = Debug|Any CPU
		{C023C37C-4A39-4472-AAAF-3EC5ED5C051C}.Release|Any CPU.ActiveCfg = Release|Any CPU
		{C023C37C-4A39-4472-AAAF-3EC5ED5C051C}.Release|Any CPU.Build.0 = Release|Any CPU
	EndGlobalSection
	GlobalSection(SolutionProperties) = preSolution
		HideSolutionNode = FALSE
	EndGlobalSection
	GlobalSection(ExtensibilityGlobals) = postSolution
		SolutionGuid = {6C047C0C-3A6C-46DF-B14A-4D7EA3BE14EF}
	EndGlobalSection
EndGlobal
